// !$*UTF8*$!
{
	archiveVersion = 1;
	classes = {
	};
	objectVersion = 46;
	objects = {

/* Begin PBXBuildFile section */
		F2D825351DC2A7D500EB01D4 /* AppDelegate.swift in Sources */ = {isa = PBXBuildFile; fileRef = F2D825341DC2A7D500EB01D4 /* AppDelegate.swift */; };
		F2D825381DC2A7D500EB01D4 /* GarduinoApp.xcdatamodeld in Sources */ = {isa = PBXBuildFile; fileRef = F2D825361DC2A7D500EB01D4 /* GarduinoApp.xcdatamodeld */; };
		F2D8253A1DC2A7D500EB01D4 /* MasterViewController.swift in Sources */ = {isa = PBXBuildFile; fileRef = F2D825391DC2A7D500EB01D4 /* MasterViewController.swift */; };
		F2D8253C1DC2A7D500EB01D4 /* DetailViewController.swift in Sources */ = {isa = PBXBuildFile; fileRef = F2D8253B1DC2A7D500EB01D4 /* DetailViewController.swift */; };
		F2D8253F1DC2A7D500EB01D4 /* Main.storyboard in Resources */ = {isa = PBXBuildFile; fileRef = F2D8253D1DC2A7D500EB01D4 /* Main.storyboard */; };
		F2D825411DC2A7D500EB01D4 /* Assets.xcassets in Resources */ = {isa = PBXBuildFile; fileRef = F2D825401DC2A7D500EB01D4 /* Assets.xcassets */; };
		F2D825441DC2A7D500EB01D4 /* LaunchScreen.storyboard in Resources */ = {isa = PBXBuildFile; fileRef = F2D825421DC2A7D500EB01D4 /* LaunchScreen.storyboard */; };
		F2D8254F1DC2A7D500EB01D4 /* GarduinoAppTests.swift in Sources */ = {isa = PBXBuildFile; fileRef = F2D8254E1DC2A7D500EB01D4 /* GarduinoAppTests.swift */; };
		F2D8255A1DC2A7D500EB01D4 /* GarduinoAppUITests.swift in Sources */ = {isa = PBXBuildFile; fileRef = F2D825591DC2A7D500EB01D4 /* GarduinoAppUITests.swift */; };
/* End PBXBuildFile section */

/* Begin PBXContainerItemProxy section */
		F2D8254B1DC2A7D500EB01D4 /* PBXContainerItemProxy */ = {
			isa = PBXContainerItemProxy;
			containerPortal = F2D825291DC2A7D500EB01D4 /* Project object */;
			proxyType = 1;
			remoteGlobalIDString = F2D825301DC2A7D500EB01D4;
			remoteInfo = GarduinoApp;
		};
		F2D825561DC2A7D500EB01D4 /* PBXContainerItemProxy */ = {
			isa = PBXContainerItemProxy;
			containerPortal = F2D825291DC2A7D500EB01D4 /* Project object */;
			proxyType = 1;
			remoteGlobalIDString = F2D825301DC2A7D500EB01D4;
			remoteInfo = GarduinoApp;
		};
/* End PBXContainerItemProxy section */

/* Begin PBXFileReference section */
		F2D825311DC2A7D500EB01D4 /* GarduinoApp.app */ = {isa = PBXFileReference; explicitFileType = wrapper.application; includeInIndex = 0; path = GarduinoApp.app; sourceTree = BUILT_PRODUCTS_DIR; };
		F2D825341DC2A7D500EB01D4 /* AppDelegate.swift */ = {isa = PBXFileReference; lastKnownFileType = sourcecode.swift; path = AppDelegate.swift; sourceTree = "<group>"; };
		F2D825371DC2A7D500EB01D4 /* GarduinoApp.xcdatamodel */ = {isa = PBXFileReference; lastKnownFileType = wrapper.xcdatamodel; path = GarduinoApp.xcdatamodel; sourceTree = "<group>"; };
		F2D825391DC2A7D500EB01D4 /* MasterViewController.swift */ = {isa = PBXFileReference; lastKnownFileType = sourcecode.swift; path = MasterViewController.swift; sourceTree = "<group>"; };
		F2D8253B1DC2A7D500EB01D4 /* DetailViewController.swift */ = {isa = PBXFileReference; lastKnownFileType = sourcecode.swift; path = DetailViewController.swift; sourceTree = "<group>"; };
		F2D8253E1DC2A7D500EB01D4 /* Base */ = {isa = PBXFileReference; lastKnownFileType = file.storyboard; name = Base; path = Base.lproj/Main.storyboard; sourceTree = "<group>"; };
		F2D825401DC2A7D500EB01D4 /* Assets.xcassets */ = {isa = PBXFileReference; lastKnownFileType = folder.assetcatalog; path = Assets.xcassets; sourceTree = "<group>"; };
		F2D825431DC2A7D500EB01D4 /* Base */ = {isa = PBXFileReference; lastKnownFileType = file.storyboard; name = Base; path = Base.lproj/LaunchScreen.storyboard; sourceTree = "<group>"; };
		F2D825451DC2A7D500EB01D4 /* Info.plist */ = {isa = PBXFileReference; lastKnownFileType = text.plist.xml; path = Info.plist; sourceTree = "<group>"; };
		F2D8254A1DC2A7D500EB01D4 /* GarduinoAppTests.xctest */ = {isa = PBXFileReference; explicitFileType = wrapper.cfbundle; includeInIndex = 0; path = GarduinoAppTests.xctest; sourceTree = BUILT_PRODUCTS_DIR; };
		F2D8254E1DC2A7D500EB01D4 /* GarduinoAppTests.swift */ = {isa = PBXFileReference; lastKnownFileType = sourcecode.swift; path = GarduinoAppTests.swift; sourceTree = "<group>"; };
		F2D825501DC2A7D500EB01D4 /* Info.plist */ = {isa = PBXFileReference; lastKnownFileType = text.plist.xml; path = Info.plist; sourceTree = "<group>"; };
		F2D825551DC2A7D500EB01D4 /* GarduinoAppUITests.xctest */ = {isa = PBXFileReference; explicitFileType = wrapper.cfbundle; includeInIndex = 0; path = GarduinoAppUITests.xctest; sourceTree = BUILT_PRODUCTS_DIR; };
		F2D825591DC2A7D500EB01D4 /* GarduinoAppUITests.swift */ = {isa = PBXFileReference; lastKnownFileType = sourcecode.swift; path = GarduinoAppUITests.swift; sourceTree = "<group>"; };
		F2D8255B1DC2A7D500EB01D4 /* Info.plist */ = {isa = PBXFileReference; lastKnownFileType = text.plist.xml; path = Info.plist; sourceTree = "<group>"; };
/* End PBXFileReference section */

/* Begin PBXFrameworksBuildPhase section */
		F2D8252E1DC2A7D500EB01D4 /* Frameworks */ = {
			isa = PBXFrameworksBuildPhase;
			buildActionMask = 2147483647;
			files = (
			);
			runOnlyForDeploymentPostprocessing = 0;
		};
		F2D825471DC2A7D500EB01D4 /* Frameworks */ = {
			isa = PBXFrameworksBuildPhase;
			buildActionMask = 2147483647;
			files = (
			);
			runOnlyForDeploymentPostprocessing = 0;
		};
		F2D825521DC2A7D500EB01D4 /* Frameworks */ = {
			isa = PBXFrameworksBuildPhase;
			buildActionMask = 2147483647;
			files = (
			);
			runOnlyForDeploymentPostprocessing = 0;
		};
/* End PBXFrameworksBuildPhase section */

/* Begin PBXGroup section */
		F2D825281DC2A7D500EB01D4 = {
			isa = PBXGroup;
			children = (
				F2D825331DC2A7D500EB01D4 /* GarduinoApp */,
				F2D8254D1DC2A7D500EB01D4 /* GarduinoAppTests */,
				F2D825581DC2A7D500EB01D4 /* GarduinoAppUITests */,
				F2D825321DC2A7D500EB01D4 /* Products */,
			);
			sourceTree = "<group>";
		};
		F2D825321DC2A7D500EB01D4 /* Products */ = {
			isa = PBXGroup;
			children = (
				F2D825311DC2A7D500EB01D4 /* GarduinoApp.app */,
				F2D8254A1DC2A7D500EB01D4 /* GarduinoAppTests.xctest */,
				F2D825551DC2A7D500EB01D4 /* GarduinoAppUITests.xctest */,
			);
			name = Products;
			sourceTree = "<group>";
		};
		F2D825331DC2A7D500EB01D4 /* GarduinoApp */ = {
			isa = PBXGroup;
			children = (
				F2D825341DC2A7D500EB01D4 /* AppDelegate.swift */,
				F2D825391DC2A7D500EB01D4 /* MasterViewController.swift */,
				F2D8253B1DC2A7D500EB01D4 /* DetailViewController.swift */,
				F2D8253D1DC2A7D500EB01D4 /* Main.storyboard */,
				F2D825401DC2A7D500EB01D4 /* Assets.xcassets */,
				F2D825421DC2A7D500EB01D4 /* LaunchScreen.storyboard */,
				F2D825451DC2A7D500EB01D4 /* Info.plist */,
				F2D825361DC2A7D500EB01D4 /* GarduinoApp.xcdatamodeld */,
			);
			path = GarduinoApp;
			sourceTree = "<group>";
		};
		F2D8254D1DC2A7D500EB01D4 /* GarduinoAppTests */ = {
			isa = PBXGroup;
			children = (
				F2D8254E1DC2A7D500EB01D4 /* GarduinoAppTests.swift */,
				F2D825501DC2A7D500EB01D4 /* Info.plist */,
			);
			path = GarduinoAppTests;
			sourceTree = "<group>";
		};
		F2D825581DC2A7D500EB01D4 /* GarduinoAppUITests */ = {
			isa = PBXGroup;
			children = (
				F2D825591DC2A7D500EB01D4 /* GarduinoAppUITests.swift */,
				F2D8255B1DC2A7D500EB01D4 /* Info.plist */,
			);
			path = GarduinoAppUITests;
			sourceTree = "<group>";
		};
/* End PBXGroup section */

/* Begin PBXNativeTarget section */
		F2D825301DC2A7D500EB01D4 /* GarduinoApp */ = {
			isa = PBXNativeTarget;
			buildConfigurationList = F2D8255E1DC2A7D500EB01D4 /* Build configuration list for PBXNativeTarget "GarduinoApp" */;
			buildPhases = (
				F2D8252D1DC2A7D500EB01D4 /* Sources */,
				F2D8252E1DC2A7D500EB01D4 /* Frameworks */,
				F2D8252F1DC2A7D500EB01D4 /* Resources */,
			);
			buildRules = (
			);
			dependencies = (
			);
			name = GarduinoApp;
			productName = GarduinoApp;
			productReference = F2D825311DC2A7D500EB01D4 /* GarduinoApp.app */;
			productType = "com.apple.product-type.application";
		};
		F2D825491DC2A7D500EB01D4 /* GarduinoAppTests */ = {
			isa = PBXNativeTarget;
			buildConfigurationList = F2D825611DC2A7D500EB01D4 /* Build configuration list for PBXNativeTarget "GarduinoAppTests" */;
			buildPhases = (
				F2D825461DC2A7D500EB01D4 /* Sources */,
				F2D825471DC2A7D500EB01D4 /* Frameworks */,
				F2D825481DC2A7D500EB01D4 /* Resources */,
			);
			buildRules = (
			);
			dependencies = (
				F2D8254C1DC2A7D500EB01D4 /* PBXTargetDependency */,
			);
			name = GarduinoAppTests;
			productName = GarduinoAppTests;
			productReference = F2D8254A1DC2A7D500EB01D4 /* GarduinoAppTests.xctest */;
			productType = "com.apple.product-type.bundle.unit-test";
		};
		F2D825541DC2A7D500EB01D4 /* GarduinoAppUITests */ = {
			isa = PBXNativeTarget;
			buildConfigurationList = F2D825641DC2A7D500EB01D4 /* Build configuration list for PBXNativeTarget "GarduinoAppUITests" */;
			buildPhases = (
				F2D825511DC2A7D500EB01D4 /* Sources */,
				F2D825521DC2A7D500EB01D4 /* Frameworks */,
				F2D825531DC2A7D500EB01D4 /* Resources */,
			);
			buildRules = (
			);
			dependencies = (
				F2D825571DC2A7D500EB01D4 /* PBXTargetDependency */,
			);
			name = GarduinoAppUITests;
			productName = GarduinoAppUITests;
			productReference = F2D825551DC2A7D500EB01D4 /* GarduinoAppUITests.xctest */;
			productType = "com.apple.product-type.bundle.ui-testing";
		};
/* End PBXNativeTarget section */

/* Begin PBXProject section */
		F2D825291DC2A7D500EB01D4 /* Project object */ = {
			isa = PBXProject;
			attributes = {
				LastSwiftUpdateCheck = 0800;
				LastUpgradeCheck = 0800;
				ORGANIZATIONNAME = "Andrew Clark";
				TargetAttributes = {
					F2D825301DC2A7D500EB01D4 = {
						CreatedOnToolsVersion = 8.0;
						DevelopmentTeam = 7Q62VWGXSZ;
						ProvisioningStyle = Automatic;
					};
					F2D825491DC2A7D500EB01D4 = {
						CreatedOnToolsVersion = 8.0;
						DevelopmentTeam = 7Q62VWGXSZ;
						ProvisioningStyle = Automatic;
						TestTargetID = F2D825301DC2A7D500EB01D4;
					};
					F2D825541DC2A7D500EB01D4 = {
						CreatedOnToolsVersion = 8.0;
						DevelopmentTeam = 7Q62VWGXSZ;
						ProvisioningStyle = Automatic;
						TestTargetID = F2D825301DC2A7D500EB01D4;
					};
				};
			};
			buildConfigurationList = F2D8252C1DC2A7D500EB01D4 /* Build configuration list for PBXProject "GarduinoApp" */;
			compatibilityVersion = "Xcode 3.2";
			developmentRegion = English;
			hasScannedForEncodings = 0;
			knownRegions = (
				en,
				Base,
			);
			mainGroup = F2D825281DC2A7D500EB01D4;
			productRefGroup = F2D825321DC2A7D500EB01D4 /* Products */;
			projectDirPath = "";
			projectRoot = "";
			targets = (
				F2D825301DC2A7D500EB01D4 /* GarduinoApp */,
				F2D825491DC2A7D500EB01D4 /* GarduinoAppTests */,
				F2D825541DC2A7D500EB01D4 /* GarduinoAppUITests */,
			);
		};
/* End PBXProject section */

/* Begin PBXResourcesBuildPhase section */
		F2D8252F1DC2A7D500EB01D4 /* Resources */ = {
			isa = PBXResourcesBuildPhase;
			buildActionMask = 2147483647;
			files = (
				F2D825441DC2A7D500EB01D4 /* LaunchScreen.storyboard in Resources */,
				F2D825411DC2A7D500EB01D4 /* Assets.xcassets in Resources */,
				F2D8253F1DC2A7D500EB01D4 /* Main.storyboard in Resources */,
			);
			runOnlyForDeploymentPostprocessing = 0;
		};
		F2D825481DC2A7D500EB01D4 /* Resources */ = {
			isa = PBXResourcesBuildPhase;
			buildActionMask = 2147483647;
			files = (
			);
			runOnlyForDeploymentPostprocessing = 0;
		};
		F2D825531DC2A7D500EB01D4 /* Resources */ = {
			isa = PBXResourcesBuildPhase;
			buildActionMask = 2147483647;
			files = (
			);
			runOnlyForDeploymentPostprocessing = 0;
		};
/* End PBXResourcesBuildPhase section */

/* Begin PBXSourcesBuildPhase section */
		F2D8252D1DC2A7D500EB01D4 /* Sources */ = {
			isa = PBXSourcesBuildPhase;
			buildActionMask = 2147483647;
			files = (
				F2D825381DC2A7D500EB01D4 /* GarduinoApp.xcdatamodeld in Sources */,
				F2D825351DC2A7D500EB01D4 /* AppDelegate.swift in Sources */,
				F2D8253A1DC2A7D500EB01D4 /* MasterViewController.swift in Sources */,
				F2D8253C1DC2A7D500EB01D4 /* DetailViewController.swift in Sources */,
			);
			runOnlyForDeploymentPostprocessing = 0;
		};
		F2D825461DC2A7D500EB01D4 /* Sources */ = {
			isa = PBXSourcesBuildPhase;
			buildActionMask = 2147483647;
			files = (
				F2D8254F1DC2A7D500EB01D4 /* GarduinoAppTests.swift in Sources */,
			);
			runOnlyForDeploymentPostprocessing = 0;
		};
		F2D825511DC2A7D500EB01D4 /* Sources */ = {
			isa = PBXSourcesBuildPhase;
			buildActionMask = 2147483647;
			files = (
				F2D8255A1DC2A7D500EB01D4 /* GarduinoAppUITests.swift in Sources */,
			);
			runOnlyForDeploymentPostprocessing = 0;
		};
/* End PBXSourcesBuildPhase section */

/* Begin PBXTargetDependency section */
		F2D8254C1DC2A7D500EB01D4 /* PBXTargetDependency */ = {
			isa = PBXTargetDependency;
			target = F2D825301DC2A7D500EB01D4 /* GarduinoApp */;
			targetProxy = F2D8254B1DC2A7D500EB01D4 /* PBXContainerItemProxy */;
		};
		F2D825571DC2A7D500EB01D4 /* PBXTargetDependency */ = {
			isa = PBXTargetDependency;
			target = F2D825301DC2A7D500EB01D4 /* GarduinoApp */;
			targetProxy = F2D825561DC2A7D500EB01D4 /* PBXContainerItemProxy */;
		};
/* End PBXTargetDependency section */

/* Begin PBXVariantGroup section */
		F2D8253D1DC2A7D500EB01D4 /* Main.storyboard */ = {
			isa = PBXVariantGroup;
			children = (
				F2D8253E1DC2A7D500EB01D4 /* Base */,
			);
			name = Main.storyboard;
			sourceTree = "<group>";
		};
		F2D825421DC2A7D500EB01D4 /* LaunchScreen.storyboard */ = {
			isa = PBXVariantGroup;
			children = (
				F2D825431DC2A7D500EB01D4 /* Base */,
			);
			name = LaunchScreen.storyboard;
			sourceTree = "<group>";
		};
/* End PBXVariantGroup section */

/* Begin XCBuildConfiguration section */
		F2D8255C1DC2A7D500EB01D4 /* Debug */ = {
			isa = XCBuildConfiguration;
			buildSettings = {
				ALWAYS_SEARCH_USER_PATHS = NO;
				CLANG_ANALYZER_NONNULL = YES;
				CLANG_CXX_LANGUAGE_STANDARD = "gnu++0x";
				CLANG_CXX_LIBRARY = "libc++";
				CLANG_ENABLE_MODULES = YES;
				CLANG_ENABLE_OBJC_ARC = YES;
				CLANG_WARN_BOOL_CONVERSION = YES;
				CLANG_WARN_CONSTANT_CONVERSION = YES;
				CLANG_WARN_DIRECT_OBJC_ISA_USAGE = YES_ERROR;
				CLANG_WARN_DOCUMENTATION_COMMENTS = YES;
				CLANG_WARN_EMPTY_BODY = YES;
				CLANG_WARN_ENUM_CONVERSION = YES;
				CLANG_WARN_INFINITE_RECURSION = YES;
				CLANG_WARN_INT_CONVERSION = YES;
				CLANG_WARN_OBJC_ROOT_CLASS = YES_ERROR;
				CLANG_WARN_SUSPICIOUS_MOVES = YES;
				CLANG_WARN_UNREACHABLE_CODE = YES;
				CLANG_WARN__DUPLICATE_METHOD_MATCH = YES;
				"CODE_SIGN_IDENTITY[sdk=iphoneos*]" = "iPhone Developer";
				COPY_PHASE_STRIP = NO;
				DEBUG_INFORMATION_FORMAT = dwarf;
				ENABLE_STRICT_OBJC_MSGSEND = YES;
				ENABLE_TESTABILITY = YES;
				GCC_C_LANGUAGE_STANDARD = gnu99;
				GCC_DYNAMIC_NO_PIC = NO;
				GCC_NO_COMMON_BLOCKS = YES;
				GCC_OPTIMIZATION_LEVEL = 0;
				GCC_PREPROCESSOR_DEFINITIONS = (
					"DEBUG=1",
					"$(inherited)",
				);
				GCC_WARN_64_TO_32_BIT_CONVERSION = YES;
				GCC_WARN_ABOUT_RETURN_TYPE = YES_ERROR;
				GCC_WARN_UNDECLARED_SELECTOR = YES;
				GCC_WARN_UNINITIALIZED_AUTOS = YES_AGGRESSIVE;
				GCC_WARN_UNUSED_FUNCTION = YES;
				GCC_WARN_UNUSED_VARIABLE = YES;
				IPHONEOS_DEPLOYMENT_TARGET = 10.0;
				MTL_ENABLE_DEBUG_INFO = YES;
				ONLY_ACTIVE_ARCH = YES;
				SDKROOT = iphoneos;
				SWIFT_ACTIVE_COMPILATION_CONDITIONS = DEBUG;
				SWIFT_OPTIMIZATION_LEVEL = "-Onone";
				TARGETED_DEVICE_FAMILY = "1,2";
			};
			name = Debug;
		};
		F2D8255D1DC2A7D500EB01D4 /* Release */ = {
			isa = XCBuildConfiguration;
			buildSettings = {
				ALWAYS_SEARCH_USER_PATHS = NO;
				CLANG_ANALYZER_NONNULL = YES;
				CLANG_CXX_LANGUAGE_STANDARD = "gnu++0x";
				CLANG_CXX_LIBRARY = "libc++";
				CLANG_ENABLE_MODULES = YES;
				CLANG_ENABLE_OBJC_ARC = YES;
				CLANG_WARN_BOOL_CONVERSION = YES;
				CLANG_WARN_CONSTANT_CONVERSION = YES;
				CLANG_WARN_DIRECT_OBJC_ISA_USAGE = YES_ERROR;
				CLANG_WARN_DOCUMENTATION_COMMENTS = YES;
				CLANG_WARN_EMPTY_BODY = YES;
				CLANG_WARN_ENUM_CONVERSION = YES;
				CLANG_WARN_INFINITE_RECURSION = YES;
				CLANG_WARN_INT_CONVERSION = YES;
				CLANG_WARN_OBJC_ROOT_CLASS = YES_ERROR;
				CLANG_WARN_SUSPICIOUS_MOVES = YES;
				CLANG_WARN_UNREACHABLE_CODE = YES;
				CLANG_WARN__DUPLICATE_METHOD_MATCH = YES;
				"CODE_SIGN_IDENTITY[sdk=iphoneos*]" = "iPhone Developer";
				COPY_PHASE_STRIP = NO;
				DEBUG_INFORMATION_FORMAT = "dwarf-with-dsym";
				ENABLE_NS_ASSERTIONS = NO;
				ENABLE_STRICT_OBJC_MSGSEND = YES;
				GCC_C_LANGUAGE_STANDARD = gnu99;
				GCC_NO_COMMON_BLOCKS = YES;
				GCC_WARN_64_TO_32_BIT_CONVERSION = YES;
				GCC_WARN_ABOUT_RETURN_TYPE = YES_ERROR;
				GCC_WARN_UNDECLARED_SELECTOR = YES;
				GCC_WARN_UNINITIALIZED_AUTOS = YES_AGGRESSIVE;
				GCC_WARN_UNUSED_FUNCTION = YES;
				GCC_WARN_UNUSED_VARIABLE = YES;
				IPHONEOS_DEPLOYMENT_TARGET = 10.0;
				MTL_ENABLE_DEBUG_INFO = NO;
				SDKROOT = iphoneos;
				SWIFT_OPTIMIZATION_LEVEL = "-Owholemodule";
				TARGETED_DEVICE_FAMILY = "1,2";
				VALIDATE_PRODUCT = YES;
			};
			name = Release;
		};
		F2D8255F1DC2A7D500EB01D4 /* Debug */ = {
			isa = XCBuildConfiguration;
			buildSettings = {
				ASSETCATALOG_COMPILER_APPICON_NAME = AppIcon;
				DEVELOPMENT_TEAM = 7Q62VWGXSZ;
				INFOPLIST_FILE = GarduinoApp/Info.plist;
				LD_RUNPATH_SEARCH_PATHS = "$(inherited) @executable_path/Frameworks";
				PRODUCT_BUNDLE_IDENTIFIER = datsclark.GarduinoApp;
				PRODUCT_NAME = "$(TARGET_NAME)";
				SWIFT_VERSION = 3.0;
			};
			name = Debug;
		};
		F2D825601DC2A7D500EB01D4 /* Release */ = {
			isa = XCBuildConfiguration;
			buildSettings = {
				ASSETCATALOG_COMPILER_APPICON_NAME = AppIcon;
				DEVELOPMENT_TEAM = 7Q62VWGXSZ;
				INFOPLIST_FILE = GarduinoApp/Info.plist;
				LD_RUNPATH_SEARCH_PATHS = "$(inherited) @executable_path/Frameworks";
				PRODUCT_BUNDLE_IDENTIFIER = datsclark.GarduinoApp;
				PRODUCT_NAME = "$(TARGET_NAME)";
				SWIFT_VERSION = 3.0;
			};
			name = Release;
		};
		F2D825621DC2A7D500EB01D4 /* Debug */ = {
			isa = XCBuildConfiguration;
			buildSettings = {
				ALWAYS_EMBED_SWIFT_STANDARD_LIBRARIES = YES;
				BUNDLE_LOADER = "$(TEST_HOST)";
				DEVELOPMENT_TEAM = 7Q62VWGXSZ;
				INFOPLIST_FILE = GarduinoAppTests/Info.plist;
				LD_RUNPATH_SEARCH_PATHS = "$(inherited) @executable_path/Frameworks @loader_path/Frameworks";
				PRODUCT_BUNDLE_IDENTIFIER = datsclark.GarduinoAppTests;
				PRODUCT_NAME = "$(TARGET_NAME)";
				SWIFT_VERSION = 3.0;
				TEST_HOST = "$(BUILT_PRODUCTS_DIR)/GarduinoApp.app/GarduinoApp";
			};
			name = Debug;
		};
		F2D825631DC2A7D500EB01D4 /* Release */ = {
			isa = XCBuildConfiguration;
			buildSettings = {
				ALWAYS_EMBED_SWIFT_STANDARD_LIBRARIES = YES;
				BUNDLE_LOADER = "$(TEST_HOST)";
				DEVELOPMENT_TEAM = 7Q62VWGXSZ;
				INFOPLIST_FILE = GarduinoAppTests/Info.plist;
				LD_RUNPATH_SEARCH_PATHS = "$(inherited) @executable_path/Frameworks @loader_path/Frameworks";
				PRODUCT_BUNDLE_IDENTIFIER = datsclark.GarduinoAppTests;
				PRODUCT_NAME = "$(TARGET_NAME)";
				SWIFT_VERSION = 3.0;
				TEST_HOST = "$(BUILT_PRODUCTS_DIR)/GarduinoApp.app/GarduinoApp";
			};
			name = Release;
		};
		F2D825651DC2A7D500EB01D4 /* Debug */ = {
			isa = XCBuildConfiguration;
			buildSettings = {
				ALWAYS_EMBED_SWIFT_STANDARD_LIBRARIES = YES;
				DEVELOPMENT_TEAM = 7Q62VWGXSZ;
				INFOPLIST_FILE = GarduinoAppUITests/Info.plist;
				LD_RUNPATH_SEARCH_PATHS = "$(inherited) @executable_path/Frameworks @loader_path/Frameworks";
				PRODUCT_BUNDLE_IDENTIFIER = datsclark.GarduinoAppUITests;
				PRODUCT_NAME = "$(TARGET_NAME)";
				SWIFT_VERSION = 3.0;
				TEST_TARGET_NAME = GarduinoApp;
			};
			name = Debug;
		};
		F2D825661DC2A7D500EB01D4 /* Release */ = {
			isa = XCBuildConfiguration;
			buildSettings = {
				ALWAYS_EMBED_SWIFT_STANDARD_LIBRARIES = YES;
				DEVELOPMENT_TEAM = 7Q62VWGXSZ;
				INFOPLIST_FILE = GarduinoAppUITests/Info.plist;
				LD_RUNPATH_SEARCH_PATHS = "$(inherited) @executable_path/Frameworks @loader_path/Frameworks";
				PRODUCT_BUNDLE_IDENTIFIER = datsclark.GarduinoAppUITests;
				PRODUCT_NAME = "$(TARGET_NAME)";
				SWIFT_VERSION = 3.0;
				TEST_TARGET_NAME = GarduinoApp;
			};
			name = Release;
		};
/* End XCBuildConfiguration section */

/* Begin XCConfigurationList section */
		F2D8252C1DC2A7D500EB01D4 /* Build configuration list for PBXProject "GarduinoApp" */ = {
			isa = XCConfigurationList;
			buildConfigurations = (
				F2D8255C1DC2A7D500EB01D4 /* Debug */,
				F2D8255D1DC2A7D500EB01D4 /* Release */,
			);
			defaultConfigurationIsVisible = 0;
			defaultConfigurationName = Release;
		};
		F2D8255E1DC2A7D500EB01D4 /* Build configuration list for PBXNativeTarget "GarduinoApp" */ = {
			isa = XCConfigurationList;
			buildConfigurations = (
				F2D8255F1DC2A7D500EB01D4 /* Debug */,
				F2D825601DC2A7D500EB01D4 /* Release */,
			);
			defaultConfigurationIsVisible = 0;
		};
		F2D825611DC2A7D500EB01D4 /* Build configuration list for PBXNativeTarget "GarduinoAppTests" */ = {
			isa = XCConfigurationList;
			buildConfigurations = (
				F2D825621DC2A7D500EB01D4 /* Debug */,
				F2D825631DC2A7D500EB01D4 /* Release */,
			);
			defaultConfigurationIsVisible = 0;
		};
		F2D825641DC2A7D500EB01D4 /* Build configuration list for PBXNativeTarget "GarduinoAppUITests" */ = {
			isa = XCConfigurationList;
			buildConfigurations = (
				F2D825651DC2A7D500EB01D4 /* Debug */,
				F2D825661DC2A7D500EB01D4 /* Release */,
			);
			defaultConfigurationIsVisible = 0;
		};
/* End XCConfigurationList section */

/* Begin XCVersionGroup section */
		F2D825361DC2A7D500EB01D4 /* GarduinoApp.xcdatamodeld */ = {
			isa = XCVersionGroup;
			children = (
				F2D825371DC2A7D500EB01D4 /* GarduinoApp.xcdatamodel */,
			);
			currentVersion = F2D825371DC2A7D500EB01D4 /* GarduinoApp.xcdatamodel */;
			path = GarduinoApp.xcdatamodeld;
			sourceTree = "<group>";
			versionGroupType = wrapper.xcdatamodel;
		};
/* End XCVersionGroup section */
	};
	rootObject = F2D825291DC2A7D500EB01D4 /* Project object */;
}
